// !$*UTF8*$!
{
	archiveVersion = 1;
	classes = {
	};
	objectVersion = 46;
	objects = {

/* Begin PBXBuildFile section */
		48C9C39F1EEE3E4D006DD963 /* Duty.swift in Sources */ = {isa = PBXBuildFile; fileRef = 48C9C39E1EEE3E4D006DD963 /* Duty.swift */; };
		5663797D1EFB7A28005EB635 /* TabBarController.swift in Sources */ = {isa = PBXBuildFile; fileRef = 5663797C1EFB7A28005EB635 /* TabBarController.swift */; };
		5663797F1EFB7B48005EB635 /* OverviewViewController.swift in Sources */ = {isa = PBXBuildFile; fileRef = 5663797E1EFB7B47005EB635 /* OverviewViewController.swift */; };
		566379811EFB7E9C005EB635 /* DutiesViewController.swift in Sources */ = {isa = PBXBuildFile; fileRef = 566379801EFB7E9C005EB635 /* DutiesViewController.swift */; };
		566379831EFB7EC9005EB635 /* PuntsViewController.swift in Sources */ = {isa = PBXBuildFile; fileRef = 566379821EFB7EC9005EB635 /* PuntsViewController.swift */; };
		566379851EFB7EEA005EB635 /* SettingsViewController.swift in Sources */ = {isa = PBXBuildFile; fileRef = 566379841EFB7EEA005EB635 /* SettingsViewController.swift */; };
		56A3865F1EFF174700CCD3A7 /* DMCard.swift in Sources */ = {isa = PBXBuildFile; fileRef = 56A3865E1EFF174700CCD3A7 /* DMCard.swift */; };
		56A386611F02004B00CCD3A7 /* DMToolbarController.swift in Sources */ = {isa = PBXBuildFile; fileRef = 56A386601F02004B00CCD3A7 /* DMToolbarController.swift */; };
		56C94E341EEDEF4300A9BC2F /* AppDelegate.swift in Sources */ = {isa = PBXBuildFile; fileRef = 56C94E331EEDEF4300A9BC2F /* AppDelegate.swift */; };
		56C94E391EEDEF4300A9BC2F /* Main.storyboard in Resources */ = {isa = PBXBuildFile; fileRef = 56C94E371EEDEF4300A9BC2F /* Main.storyboard */; };
		56C94E3C1EEDEF4300A9BC2F /* Delts_Manager.xcdatamodeld in Sources */ = {isa = PBXBuildFile; fileRef = 56C94E3A1EEDEF4300A9BC2F /* Delts_Manager.xcdatamodeld */; };
		56C94E3E1EEDEF4300A9BC2F /* Assets.xcassets in Resources */ = {isa = PBXBuildFile; fileRef = 56C94E3D1EEDEF4300A9BC2F /* Assets.xcassets */; };
		56C94E411EEDEF4300A9BC2F /* LaunchScreen.storyboard in Resources */ = {isa = PBXBuildFile; fileRef = 56C94E3F1EEDEF4300A9BC2F /* LaunchScreen.storyboard */; };
		56C94E4A1EEE23F600A9BC2F /* DMUser.swift in Sources */ = {isa = PBXBuildFile; fileRef = 56C94E491EEE23F600A9BC2F /* DMUser.swift */; };
		56C94E4C1EEE39B000A9BC2F /* Constants.swift in Sources */ = {isa = PBXBuildFile; fileRef = 56C94E4B1EEE39B000A9BC2F /* Constants.swift */; };
		56C94E631EEF671800A9BC2F /* LoginViewController.swift in Sources */ = {isa = PBXBuildFile; fileRef = 56C94E621EEF671800A9BC2F /* LoginViewController.swift */; };
		56C94E651EEF6BC000A9BC2F /* GoogleService-Info.plist in Resources */ = {isa = PBXBuildFile; fileRef = 56C94E641EEF6BC000A9BC2F /* GoogleService-Info.plist */; };
		56C94E691EEF8CF400A9BC2F /* Errors.swift in Sources */ = {isa = PBXBuildFile; fileRef = 56C94E681EEF8CF400A9BC2F /* Errors.swift */; };
		56C94E6B1EEF9DEF00A9BC2F /* Extensions.swift in Sources */ = {isa = PBXBuildFile; fileRef = 56C94E6A1EEF9DEF00A9BC2F /* Extensions.swift */; };
		56D2ECAF1EF5B13D00DF8A7C /* Session.swift in Sources */ = {isa = PBXBuildFile; fileRef = 56D2ECAE1EF5B13D00DF8A7C /* Session.swift */; };
		56D2ECB11EF75D2200DF8A7C /* Data.swift in Sources */ = {isa = PBXBuildFile; fileRef = 56D2ECB01EF75D2200DF8A7C /* Data.swift */; };
		56F95EC41F23C50600868647 /* Event.swift in Sources */ = {isa = PBXBuildFile; fileRef = 56F95EC31F23C50600868647 /* Event.swift */; };
		56F95EC61F241EB900868647 /* DutySheet.swift in Sources */ = {isa = PBXBuildFile; fileRef = 56F95EC51F241EB900868647 /* DutySheet.swift */; };
		7F28BAAF1EEE3C6300158128 /* Punt.swift in Sources */ = {isa = PBXBuildFile; fileRef = 7F28BAAE1EEE3C6300158128 /* Punt.swift */; };
		7F28BAB31EEE41F400158128 /* PartyDuty.swift in Sources */ = {isa = PBXBuildFile; fileRef = 7F28BAB21EEE41F400158128 /* PartyDuty.swift */; };
		B94B65221C3AF3369B9BC111 /* Pods_Delts_Manager.framework in Frameworks */ = {isa = PBXBuildFile; fileRef = CED3D004C686F5F97D027273 /* Pods_Delts_Manager.framework */; };
/* End PBXBuildFile section */

/* Begin PBXFileReference section */
		3C6D5617CFE22F9C0419D7A5 /* Pods-Delts Manager.release.xcconfig */ = {isa = PBXFileReference; includeInIndex = 1; lastKnownFileType = text.xcconfig; name = "Pods-Delts Manager.release.xcconfig"; path = "Pods/Target Support Files/Pods-Delts Manager/Pods-Delts Manager.release.xcconfig"; sourceTree = "<group>"; };
		48C9C39E1EEE3E4D006DD963 /* Duty.swift */ = {isa = PBXFileReference; fileEncoding = 4; lastKnownFileType = sourcecode.swift; path = Duty.swift; sourceTree = "<group>"; };
		5663797C1EFB7A28005EB635 /* TabBarController.swift */ = {isa = PBXFileReference; fileEncoding = 4; lastKnownFileType = sourcecode.swift; path = TabBarController.swift; sourceTree = "<group>"; };
		5663797E1EFB7B47005EB635 /* OverviewViewController.swift */ = {isa = PBXFileReference; fileEncoding = 4; lastKnownFileType = sourcecode.swift; path = OverviewViewController.swift; sourceTree = "<group>"; };
		566379801EFB7E9C005EB635 /* DutiesViewController.swift */ = {isa = PBXFileReference; fileEncoding = 4; lastKnownFileType = sourcecode.swift; path = DutiesViewController.swift; sourceTree = "<group>"; };
		566379821EFB7EC9005EB635 /* PuntsViewController.swift */ = {isa = PBXFileReference; fileEncoding = 4; lastKnownFileType = sourcecode.swift; path = PuntsViewController.swift; sourceTree = "<group>"; };
		566379841EFB7EEA005EB635 /* SettingsViewController.swift */ = {isa = PBXFileReference; fileEncoding = 4; lastKnownFileType = sourcecode.swift; path = SettingsViewController.swift; sourceTree = "<group>"; };
		56A3865E1EFF174700CCD3A7 /* DMCard.swift */ = {isa = PBXFileReference; fileEncoding = 4; lastKnownFileType = sourcecode.swift; path = DMCard.swift; sourceTree = "<group>"; };
		56A386601F02004B00CCD3A7 /* DMToolbarController.swift */ = {isa = PBXFileReference; fileEncoding = 4; lastKnownFileType = sourcecode.swift; path = DMToolbarController.swift; sourceTree = "<group>"; };
		56C94E301EEDEF4300A9BC2F /* Delts Manager.app */ = {isa = PBXFileReference; explicitFileType = wrapper.application; includeInIndex = 0; path = "Delts Manager.app"; sourceTree = BUILT_PRODUCTS_DIR; };
		56C94E331EEDEF4300A9BC2F /* AppDelegate.swift */ = {isa = PBXFileReference; lastKnownFileType = sourcecode.swift; path = AppDelegate.swift; sourceTree = "<group>"; };
		56C94E381EEDEF4300A9BC2F /* Base */ = {isa = PBXFileReference; lastKnownFileType = file.storyboard; name = Base; path = Base.lproj/Main.storyboard; sourceTree = "<group>"; };
		56C94E3B1EEDEF4300A9BC2F /* Delts_Manager.xcdatamodel */ = {isa = PBXFileReference; lastKnownFileType = wrapper.xcdatamodel; path = Delts_Manager.xcdatamodel; sourceTree = "<group>"; };
		56C94E3D1EEDEF4300A9BC2F /* Assets.xcassets */ = {isa = PBXFileReference; lastKnownFileType = folder.assetcatalog; path = Assets.xcassets; sourceTree = "<group>"; };
		56C94E401EEDEF4300A9BC2F /* Base */ = {isa = PBXFileReference; lastKnownFileType = file.storyboard; name = Base; path = Base.lproj/LaunchScreen.storyboard; sourceTree = "<group>"; };
		56C94E421EEDEF4300A9BC2F /* Info.plist */ = {isa = PBXFileReference; lastKnownFileType = text.plist.xml; path = Info.plist; sourceTree = "<group>"; };
		56C94E491EEE23F600A9BC2F /* DMUser.swift */ = {isa = PBXFileReference; fileEncoding = 4; lastKnownFileType = sourcecode.swift; path = DMUser.swift; sourceTree = "<group>"; };
		56C94E4B1EEE39B000A9BC2F /* Constants.swift */ = {isa = PBXFileReference; fileEncoding = 4; lastKnownFileType = sourcecode.swift; path = Constants.swift; sourceTree = "<group>"; };
		56C94E621EEF671800A9BC2F /* LoginViewController.swift */ = {isa = PBXFileReference; fileEncoding = 4; lastKnownFileType = sourcecode.swift; path = LoginViewController.swift; sourceTree = "<group>"; };
		56C94E641EEF6BC000A9BC2F /* GoogleService-Info.plist */ = {isa = PBXFileReference; fileEncoding = 4; lastKnownFileType = text.plist.xml; name = "GoogleService-Info.plist"; path = "../GoogleService-Info.plist"; sourceTree = "<group>"; };
		56C94E681EEF8CF400A9BC2F /* Errors.swift */ = {isa = PBXFileReference; fileEncoding = 4; lastKnownFileType = sourcecode.swift; path = Errors.swift; sourceTree = "<group>"; };
		56C94E6A1EEF9DEF00A9BC2F /* Extensions.swift */ = {isa = PBXFileReference; fileEncoding = 4; lastKnownFileType = sourcecode.swift; path = Extensions.swift; sourceTree = "<group>"; };
		56D2ECAE1EF5B13D00DF8A7C /* Session.swift */ = {isa = PBXFileReference; fileEncoding = 4; lastKnownFileType = sourcecode.swift; path = Session.swift; sourceTree = "<group>"; };
		56D2ECB01EF75D2200DF8A7C /* Data.swift */ = {isa = PBXFileReference; fileEncoding = 4; lastKnownFileType = sourcecode.swift; path = Data.swift; sourceTree = "<group>"; };
		56F95EC31F23C50600868647 /* Event.swift */ = {isa = PBXFileReference; fileEncoding = 4; lastKnownFileType = sourcecode.swift; path = Event.swift; sourceTree = "<group>"; };
		56F95EC51F241EB900868647 /* DutySheet.swift */ = {isa = PBXFileReference; fileEncoding = 4; lastKnownFileType = sourcecode.swift; path = DutySheet.swift; sourceTree = "<group>"; };
		7F28BAAE1EEE3C6300158128 /* Punt.swift */ = {isa = PBXFileReference; fileEncoding = 4; lastKnownFileType = sourcecode.swift; path = Punt.swift; sourceTree = "<group>"; };
		7F28BAB21EEE41F400158128 /* PartyDuty.swift */ = {isa = PBXFileReference; fileEncoding = 4; lastKnownFileType = sourcecode.swift; path = PartyDuty.swift; sourceTree = "<group>"; };
		CACC291344ABA10935B17954 /* Pods-Delts Manager.debug.xcconfig */ = {isa = PBXFileReference; includeInIndex = 1; lastKnownFileType = text.xcconfig; name = "Pods-Delts Manager.debug.xcconfig"; path = "Pods/Target Support Files/Pods-Delts Manager/Pods-Delts Manager.debug.xcconfig"; sourceTree = "<group>"; };
		CED3D004C686F5F97D027273 /* Pods_Delts_Manager.framework */ = {isa = PBXFileReference; explicitFileType = wrapper.framework; includeInIndex = 0; path = Pods_Delts_Manager.framework; sourceTree = BUILT_PRODUCTS_DIR; };
/* End PBXFileReference section */

/* Begin PBXFrameworksBuildPhase section */
		56C94E2D1EEDEF4300A9BC2F /* Frameworks */ = {
			isa = PBXFrameworksBuildPhase;
			buildActionMask = 2147483647;
			files = (
				B94B65221C3AF3369B9BC111 /* Pods_Delts_Manager.framework in Frameworks */,
			);
			runOnlyForDeploymentPostprocessing = 0;
		};
/* End PBXFrameworksBuildPhase section */

/* Begin PBXGroup section */
		566379721EFB78B1005EB635 /* View */ = {
			isa = PBXGroup;
			children = (
				56C94E371EEDEF4300A9BC2F /* Main.storyboard */,
				56C94E3F1EEDEF4300A9BC2F /* LaunchScreen.storyboard */,
				566379731EFB78BD005EB635 /* Login */,
				566379741EFB78C4005EB635 /* Overview */,
				566379751EFB78D8005EB635 /* Duties */,
				566379761EFB78DE005EB635 /* Punts */,
				566379771EFB78E4005EB635 /* Parties */,
				566379781EFB78EB005EB635 /* Settings */,
				5663797C1EFB7A28005EB635 /* TabBarController.swift */,
				56A386601F02004B00CCD3A7 /* DMToolbarController.swift */,
			);
			name = View;
			sourceTree = "<group>";
		};
		566379731EFB78BD005EB635 /* Login */ = {
			isa = PBXGroup;
			children = (
				56C94E621EEF671800A9BC2F /* LoginViewController.swift */,
			);
			name = Login;
			sourceTree = "<group>";
		};
		566379741EFB78C4005EB635 /* Overview */ = {
			isa = PBXGroup;
			children = (
				5663797E1EFB7B47005EB635 /* OverviewViewController.swift */,
				56A3865E1EFF174700CCD3A7 /* DMCard.swift */,
			);
			name = Overview;
			sourceTree = "<group>";
		};
		566379751EFB78D8005EB635 /* Duties */ = {
			isa = PBXGroup;
			children = (
				566379801EFB7E9C005EB635 /* DutiesViewController.swift */,
			);
			name = Duties;
			sourceTree = "<group>";
		};
		566379761EFB78DE005EB635 /* Punts */ = {
			isa = PBXGroup;
			children = (
				566379821EFB7EC9005EB635 /* PuntsViewController.swift */,
			);
			name = Punts;
			sourceTree = "<group>";
		};
		566379771EFB78E4005EB635 /* Parties */ = {
			isa = PBXGroup;
			children = (
			);
			name = Parties;
			sourceTree = "<group>";
		};
		566379781EFB78EB005EB635 /* Settings */ = {
			isa = PBXGroup;
			children = (
				566379841EFB7EEA005EB635 /* SettingsViewController.swift */,
			);
			name = Settings;
			sourceTree = "<group>";
		};
		566379791EFB7905005EB635 /* Resources */ = {
			isa = PBXGroup;
			children = (
				56C94E641EEF6BC000A9BC2F /* GoogleService-Info.plist */,
				56C94E3D1EEDEF4300A9BC2F /* Assets.xcassets */,
				56C94E421EEDEF4300A9BC2F /* Info.plist */,
			);
			name = Resources;
			sourceTree = "<group>";
		};
		5663797A1EFB7949005EB635 /* Services */ = {
			isa = PBXGroup;
			children = (
				5663797B1EFB797B005EB635 /* Data */,
				56C94E4B1EEE39B000A9BC2F /* Constants.swift */,
				56C94E681EEF8CF400A9BC2F /* Errors.swift */,
				56C94E6A1EEF9DEF00A9BC2F /* Extensions.swift */,
				56D2ECAE1EF5B13D00DF8A7C /* Session.swift */,
			);
			name = Services;
			sourceTree = "<group>";
		};
		5663797B1EFB797B005EB635 /* Data */ = {
			isa = PBXGroup;
			children = (
				56D2ECB01EF75D2200DF8A7C /* Data.swift */,
			);
			name = Data;
			sourceTree = "<group>";
		};
		56C94E271EEDEF4300A9BC2F = {
			isa = PBXGroup;
			children = (
				56C94E321EEDEF4300A9BC2F /* Delts Manager */,
				56C94E311EEDEF4300A9BC2F /* Products */,
				751291A4A6E8E33FA9A9454E /* Pods */,
				6F9D9B5DA8BD895C9873EA34 /* Frameworks */,
			);
			sourceTree = "<group>";
		};
		56C94E311EEDEF4300A9BC2F /* Products */ = {
			isa = PBXGroup;
			children = (
				56C94E301EEDEF4300A9BC2F /* Delts Manager.app */,
			);
			name = Products;
			sourceTree = "<group>";
		};
		56C94E321EEDEF4300A9BC2F /* Delts Manager */ = {
			isa = PBXGroup;
			children = (
				56C94E331EEDEF4300A9BC2F /* AppDelegate.swift */,
				56C94E3A1EEDEF4300A9BC2F /* Delts_Manager.xcdatamodeld */,
				566379721EFB78B1005EB635 /* View */,
				5663797A1EFB7949005EB635 /* Services */,
				56C94E481EEE23D200A9BC2F /* Model */,
				566379791EFB7905005EB635 /* Resources */,
			);
			path = "Delts Manager";
			sourceTree = "<group>";
		};
		56C94E481EEE23D200A9BC2F /* Model */ = {
			isa = PBXGroup;
			children = (
				56C94E491EEE23F600A9BC2F /* DMUser.swift */,
				48C9C39E1EEE3E4D006DD963 /* Duty.swift */,
				7F28BAAE1EEE3C6300158128 /* Punt.swift */,
				7F28BAB21EEE41F400158128 /* PartyDuty.swift */,
				56F95EC31F23C50600868647 /* Event.swift */,
				56F95EC51F241EB900868647 /* DutySheet.swift */,
			);
			name = Model;
			sourceTree = "<group>";
		};
		6F9D9B5DA8BD895C9873EA34 /* Frameworks */ = {
			isa = PBXGroup;
			children = (
				CED3D004C686F5F97D027273 /* Pods_Delts_Manager.framework */,
			);
			name = Frameworks;
			sourceTree = "<group>";
		};
		751291A4A6E8E33FA9A9454E /* Pods */ = {
			isa = PBXGroup;
			children = (
				CACC291344ABA10935B17954 /* Pods-Delts Manager.debug.xcconfig */,
				3C6D5617CFE22F9C0419D7A5 /* Pods-Delts Manager.release.xcconfig */,
			);
			name = Pods;
			sourceTree = "<group>";
		};
/* End PBXGroup section */

/* Begin PBXNativeTarget section */
		56C94E2F1EEDEF4300A9BC2F /* Delts Manager */ = {
			isa = PBXNativeTarget;
			buildConfigurationList = 56C94E451EEDEF4300A9BC2F /* Build configuration list for PBXNativeTarget "Delts Manager" */;
			buildPhases = (
				8489C312BE28718B828DF4B9 /* [CP] Check Pods Manifest.lock */,
				56C94E2C1EEDEF4300A9BC2F /* Sources */,
				56C94E2D1EEDEF4300A9BC2F /* Frameworks */,
				56C94E2E1EEDEF4300A9BC2F /* Resources */,
				15C753D2E654F21A9FA6E10F /* [CP] Embed Pods Frameworks */,
				3A47BE845531D07789874660 /* [CP] Copy Pods Resources */,
			);
			buildRules = (
			);
			dependencies = (
			);
			name = "Delts Manager";
			productName = "Delts Manager";
			productReference = 56C94E301EEDEF4300A9BC2F /* Delts Manager.app */;
			productType = "com.apple.product-type.application";
		};
/* End PBXNativeTarget section */

/* Begin PBXProject section */
		56C94E281EEDEF4300A9BC2F /* Project object */ = {
			isa = PBXProject;
			attributes = {
				LastSwiftUpdateCheck = 0830;
				LastUpgradeCheck = 0830;
				ORGANIZATIONNAME = "Delta Tau Delta";
				TargetAttributes = {
					56C94E2F1EEDEF4300A9BC2F = {
						CreatedOnToolsVersion = 8.3.3;
						DevelopmentTeam = SN5BFX4SD3;
						ProvisioningStyle = Automatic;
					};
				};
			};
			buildConfigurationList = 56C94E2B1EEDEF4300A9BC2F /* Build configuration list for PBXProject "Delts Manager" */;
			compatibilityVersion = "Xcode 3.2";
			developmentRegion = English;
			hasScannedForEncodings = 0;
			knownRegions = (
				en,
				Base,
			);
			mainGroup = 56C94E271EEDEF4300A9BC2F;
			productRefGroup = 56C94E311EEDEF4300A9BC2F /* Products */;
			projectDirPath = "";
			projectRoot = "";
			targets = (
				56C94E2F1EEDEF4300A9BC2F /* Delts Manager */,
			);
		};
/* End PBXProject section */

/* Begin PBXResourcesBuildPhase section */
		56C94E2E1EEDEF4300A9BC2F /* Resources */ = {
			isa = PBXResourcesBuildPhase;
			buildActionMask = 2147483647;
			files = (
				56C94E411EEDEF4300A9BC2F /* LaunchScreen.storyboard in Resources */,
				56C94E651EEF6BC000A9BC2F /* GoogleService-Info.plist in Resources */,
				56C94E3E1EEDEF4300A9BC2F /* Assets.xcassets in Resources */,
				56C94E391EEDEF4300A9BC2F /* Main.storyboard in Resources */,
			);
			runOnlyForDeploymentPostprocessing = 0;
		};
/* End PBXResourcesBuildPhase section */

/* Begin PBXShellScriptBuildPhase section */
		15C753D2E654F21A9FA6E10F /* [CP] Embed Pods Frameworks */ = {
			isa = PBXShellScriptBuildPhase;
			buildActionMask = 2147483647;
			files = (
			);
			inputPaths = (
			);
			name = "[CP] Embed Pods Frameworks";
			outputPaths = (
			);
			runOnlyForDeploymentPostprocessing = 0;
			shellPath = /bin/sh;
			shellScript = "\"${SRCROOT}/Pods/Target Support Files/Pods-Delts Manager/Pods-Delts Manager-frameworks.sh\"\n";
			showEnvVarsInLog = 0;
		};
		3A47BE845531D07789874660 /* [CP] Copy Pods Resources */ = {
			isa = PBXShellScriptBuildPhase;
			buildActionMask = 2147483647;
			files = (
			);
			inputPaths = (
			);
			name = "[CP] Copy Pods Resources";
			outputPaths = (
			);
			runOnlyForDeploymentPostprocessing = 0;
			shellPath = /bin/sh;
			shellScript = "\"${SRCROOT}/Pods/Target Support Files/Pods-Delts Manager/Pods-Delts Manager-resources.sh\"\n";
			showEnvVarsInLog = 0;
		};
		8489C312BE28718B828DF4B9 /* [CP] Check Pods Manifest.lock */ = {
			isa = PBXShellScriptBuildPhase;
			buildActionMask = 2147483647;
			files = (
			);
			inputPaths = (
			);
			name = "[CP] Check Pods Manifest.lock";
			outputPaths = (
			);
			runOnlyForDeploymentPostprocessing = 0;
			shellPath = /bin/sh;
			shellScript = "diff \"${PODS_PODFILE_DIR_PATH}/Podfile.lock\" \"${PODS_ROOT}/Manifest.lock\" > /dev/null\nif [ $? != 0 ] ; then\n    # print error to STDERR\n    echo \"error: The sandbox is not in sync with the Podfile.lock. Run 'pod install' or update your CocoaPods installation.\" >&2\n    exit 1\nfi\n";
			showEnvVarsInLog = 0;
		};
/* End PBXShellScriptBuildPhase section */

/* Begin PBXSourcesBuildPhase section */
		56C94E2C1EEDEF4300A9BC2F /* Sources */ = {
			isa = PBXSourcesBuildPhase;
			buildActionMask = 2147483647;
			files = (
				56C94E631EEF671800A9BC2F /* LoginViewController.swift in Sources */,
				5663797D1EFB7A28005EB635 /* TabBarController.swift in Sources */,
				56C94E4C1EEE39B000A9BC2F /* Constants.swift in Sources */,
				48C9C39F1EEE3E4D006DD963 /* Duty.swift in Sources */,
				56F95EC41F23C50600868647 /* Event.swift in Sources */,
				56A386611F02004B00CCD3A7 /* DMToolbarController.swift in Sources */,
				56C94E4A1EEE23F600A9BC2F /* DMUser.swift in Sources */,
				56C94E3C1EEDEF4300A9BC2F /* Delts_Manager.xcdatamodeld in Sources */,
				56C94E691EEF8CF400A9BC2F /* Errors.swift in Sources */,
				7F28BAAF1EEE3C6300158128 /* Punt.swift in Sources */,
				56D2ECB11EF75D2200DF8A7C /* Data.swift in Sources */,
				5663797F1EFB7B48005EB635 /* OverviewViewController.swift in Sources */,
				56D2ECAF1EF5B13D00DF8A7C /* Session.swift in Sources */,
				56C94E341EEDEF4300A9BC2F /* AppDelegate.swift in Sources */,
				56A3865F1EFF174700CCD3A7 /* DMCard.swift in Sources */,
				566379851EFB7EEA005EB635 /* SettingsViewController.swift in Sources */,
				56F95EC61F241EB900868647 /* DutySheet.swift in Sources */,
				56C94E6B1EEF9DEF00A9BC2F /* Extensions.swift in Sources */,
				566379831EFB7EC9005EB635 /* PuntsViewController.swift in Sources */,
				566379811EFB7E9C005EB635 /* DutiesViewController.swift in Sources */,
				7F28BAB31EEE41F400158128 /* PartyDuty.swift in Sources */,
			);
			runOnlyForDeploymentPostprocessing = 0;
		};
/* End PBXSourcesBuildPhase section */

/* Begin PBXVariantGroup section */
		56C94E371EEDEF4300A9BC2F /* Main.storyboard */ = {
			isa = PBXVariantGroup;
			children = (
				56C94E381EEDEF4300A9BC2F /* Base */,
			);
			name = Main.storyboard;
			sourceTree = "<group>";
		};
		56C94E3F1EEDEF4300A9BC2F /* LaunchScreen.storyboard */ = {
			isa = PBXVariantGroup;
			children = (
				56C94E401EEDEF4300A9BC2F /* Base */,
			);
			name = LaunchScreen.storyboard;
			sourceTree = "<group>";
		};
/* End PBXVariantGroup section */

/* Begin XCBuildConfiguration section */
		56C94E431EEDEF4300A9BC2F /* Debug */ = {
			isa = XCBuildConfiguration;
			buildSettings = {
				ALWAYS_SEARCH_USER_PATHS = NO;
				CLANG_ANALYZER_NONNULL = YES;
				CLANG_ANALYZER_NUMBER_OBJECT_CONVERSION = YES_AGGRESSIVE;
				CLANG_CXX_LANGUAGE_STANDARD = "gnu++0x";
				CLANG_CXX_LIBRARY = "libc++";
				CLANG_ENABLE_MODULES = YES;
				CLANG_ENABLE_OBJC_ARC = YES;
				CLANG_WARN_BOOL_CONVERSION = YES;
				CLANG_WARN_CONSTANT_CONVERSION = YES;
				CLANG_WARN_DIRECT_OBJC_ISA_USAGE = YES_ERROR;
				CLANG_WARN_DOCUMENTATION_COMMENTS = YES;
				CLANG_WARN_EMPTY_BODY = YES;
				CLANG_WARN_ENUM_CONVERSION = YES;
				CLANG_WARN_INFINITE_RECURSION = YES;
				CLANG_WARN_INT_CONVERSION = YES;
				CLANG_WARN_OBJC_ROOT_CLASS = YES_ERROR;
				CLANG_WARN_SUSPICIOUS_MOVE = YES;
				CLANG_WARN_UNREACHABLE_CODE = YES;
				CLANG_WARN__DUPLICATE_METHOD_MATCH = YES;
				"CODE_SIGN_IDENTITY[sdk=iphoneos*]" = "iPhone Developer";
				COPY_PHASE_STRIP = NO;
				DEBUG_INFORMATION_FORMAT = dwarf;
				ENABLE_STRICT_OBJC_MSGSEND = YES;
				ENABLE_TESTABILITY = YES;
				GCC_C_LANGUAGE_STANDARD = gnu99;
				GCC_DYNAMIC_NO_PIC = NO;
				GCC_NO_COMMON_BLOCKS = YES;
				GCC_OPTIMIZATION_LEVEL = 0;
				GCC_PREPROCESSOR_DEFINITIONS = (
					"DEBUG=1",
					"$(inherited)",
				);
				GCC_WARN_64_TO_32_BIT_CONVERSION = YES;
				GCC_WARN_ABOUT_RETURN_TYPE = YES_ERROR;
				GCC_WARN_UNDECLARED_SELECTOR = YES;
				GCC_WARN_UNINITIALIZED_AUTOS = YES_AGGRESSIVE;
				GCC_WARN_UNUSED_FUNCTION = YES;
				GCC_WARN_UNUSED_VARIABLE = YES;
				IPHONEOS_DEPLOYMENT_TARGET = 10.3;
				MTL_ENABLE_DEBUG_INFO = YES;
				ONLY_ACTIVE_ARCH = YES;
				SDKROOT = iphoneos;
				SWIFT_ACTIVE_COMPILATION_CONDITIONS = DEBUG;
				SWIFT_OPTIMIZATION_LEVEL = "-Onone";
			};
			name = Debug;
		};
		56C94E441EEDEF4300A9BC2F /* Release */ = {
			isa = XCBuildConfiguration;
			buildSettings = {
				ALWAYS_SEARCH_USER_PATHS = NO;
				CLANG_ANALYZER_NONNULL = YES;
				CLANG_ANALYZER_NUMBER_OBJECT_CONVERSION = YES_AGGRESSIVE;
				CLANG_CXX_LANGUAGE_STANDARD = "gnu++0x";
				CLANG_CXX_LIBRARY = "libc++";
				CLANG_ENABLE_MODULES = YES;
				CLANG_ENABLE_OBJC_ARC = YES;
				CLANG_WARN_BOOL_CONVERSION = YES;
				CLANG_WARN_CONSTANT_CONVERSION = YES;
				CLANG_WARN_DIRECT_OBJC_ISA_USAGE = YES_ERROR;
				CLANG_WARN_DOCUMENTATION_COMMENTS = YES;
				CLANG_WARN_EMPTY_BODY = YES;
				CLANG_WARN_ENUM_CONVERSION = YES;
				CLANG_WARN_INFINITE_RECURSION = YES;
				CLANG_WARN_INT_CONVERSION = YES;
				CLANG_WARN_OBJC_ROOT_CLASS = YES_ERROR;
				CLANG_WARN_SUSPICIOUS_MOVE = YES;
				CLANG_WARN_UNREACHABLE_CODE = YES;
				CLANG_WARN__DUPLICATE_METHOD_MATCH = YES;
				"CODE_SIGN_IDENTITY[sdk=iphoneos*]" = "iPhone Developer";
				COPY_PHASE_STRIP = NO;
				DEBUG_INFORMATION_FORMAT = "dwarf-with-dsym";
				ENABLE_NS_ASSERTIONS = NO;
				ENABLE_STRICT_OBJC_MSGSEND = YES;
				GCC_C_LANGUAGE_STANDARD = gnu99;
				GCC_NO_COMMON_BLOCKS = YES;
				GCC_WARN_64_TO_32_BIT_CONVERSION = YES;
				GCC_WARN_ABOUT_RETURN_TYPE = YES_ERROR;
				GCC_WARN_UNDECLARED_SELECTOR = YES;
				GCC_WARN_UNINITIALIZED_AUTOS = YES_AGGRESSIVE;
				GCC_WARN_UNUSED_FUNCTION = YES;
				GCC_WARN_UNUSED_VARIABLE = YES;
				IPHONEOS_DEPLOYMENT_TARGET = 10.3;
				MTL_ENABLE_DEBUG_INFO = NO;
				SDKROOT = iphoneos;
				SWIFT_OPTIMIZATION_LEVEL = "-Owholemodule";
				VALIDATE_PRODUCT = YES;
			};
			name = Release;
		};
		56C94E461EEDEF4300A9BC2F /* Debug */ = {
			isa = XCBuildConfiguration;
			baseConfigurationReference = CACC291344ABA10935B17954 /* Pods-Delts Manager.debug.xcconfig */;
			buildSettings = {
				ASSETCATALOG_COMPILER_APPICON_NAME = AppIcon;
				"CODE_SIGN_IDENTITY[sdk=iphoneos*]" = "iPhone Developer";
				DEVELOPMENT_TEAM = SN5BFX4SD3;
				INFOPLIST_FILE = "Delts Manager/Info.plist";
				IPHONEOS_DEPLOYMENT_TARGET = 8.0;
				LD_RUNPATH_SEARCH_PATHS = "$(inherited) @executable_path/Frameworks";
				PRODUCT_BUNDLE_IDENTIFIER = edu.mit.timhenry.thing;
				PRODUCT_NAME = "$(TARGET_NAME)";
				SWIFT_VERSION = 3.0;
			};
			name = Debug;
		};
		56C94E471EEDEF4300A9BC2F /* Release */ = {
			isa = XCBuildConfiguration;
			baseConfigurationReference = 3C6D5617CFE22F9C0419D7A5 /* Pods-Delts Manager.release.xcconfig */;
			buildSettings = {
				ASSETCATALOG_COMPILER_APPICON_NAME = AppIcon;
				"CODE_SIGN_IDENTITY[sdk=iphoneos*]" = "iPhone Developer";
				DEVELOPMENT_TEAM = SN5BFX4SD3;
				INFOPLIST_FILE = "Delts Manager/Info.plist";
				IPHONEOS_DEPLOYMENT_TARGET = 8.0;
				LD_RUNPATH_SEARCH_PATHS = "$(inherited) @executable_path/Frameworks";
				PRODUCT_BUNDLE_IDENTIFIER = edu.mit.timhenry.thing;
				PRODUCT_NAME = "$(TARGET_NAME)";
				SWIFT_VERSION = 3.0;
			};
			name = Release;
		};
/* End XCBuildConfiguration section */

/* Begin XCConfigurationList section */
		56C94E2B1EEDEF4300A9BC2F /* Build configuration list for PBXProject "Delts Manager" */ = {
			isa = XCConfigurationList;
			buildConfigurations = (
				56C94E431EEDEF4300A9BC2F /* Debug */,
				56C94E441EEDEF4300A9BC2F /* Release */,
			);
			defaultConfigurationIsVisible = 0;
			defaultConfigurationName = Release;
		};
		56C94E451EEDEF4300A9BC2F /* Build configuration list for PBXNativeTarget "Delts Manager" */ = {
			isa = XCConfigurationList;
			buildConfigurations = (
				56C94E461EEDEF4300A9BC2F /* Debug */,
				56C94E471EEDEF4300A9BC2F /* Release */,
			);
			defaultConfigurationIsVisible = 0;
			defaultConfigurationName = Release;
		};
/* End XCConfigurationList section */

/* Begin XCVersionGroup section */
		56C94E3A1EEDEF4300A9BC2F /* Delts_Manager.xcdatamodeld */ = {
			isa = XCVersionGroup;
			children = (
				56C94E3B1EEDEF4300A9BC2F /* Delts_Manager.xcdatamodel */,
			);
			currentVersion = 56C94E3B1EEDEF4300A9BC2F /* Delts_Manager.xcdatamodel */;
			path = Delts_Manager.xcdatamodeld;
			sourceTree = "<group>";
			versionGroupType = wrapper.xcdatamodel;
		};
/* End XCVersionGroup section */
	};
	rootObject = 56C94E281EEDEF4300A9BC2F /* Project object */;
}
